
Microsoft Visual Studio Solution File, Format Version 12.00
# Visual Studio Version 17
VisualStudioVersion = 17.9.34607.119
MinimumVisualStudioVersion = 10.0.40219.1
Project("{FAE04EC0-301F-11D3-BF4B-00C04F79EFBC}") = "RKE132-Nädal13", "RKE132-Nädal13.csproj", "{3AD788A7-F4C2-4CDE-9954-D0B12ED1E094}"
EndProject
Global
	GlobalSection(SolutionConfigurationPlatforms) = preSolution
		Debug|Any CPU = Debug|Any CPU
		Release|Any CPU = Release|Any CPU
	EndGlobalSection
	GlobalSection(ProjectConfigurationPlatforms) = postSolution
		{3AD788A7-F4C2-4CDE-9954-D0B12ED1E094}.Debug|Any CPU.ActiveCfg = Debug|Any CPU
		{3AD788A7-F4C2-4CDE-9954-D0B12ED1E094}.Debug|Any CPU.Build.0 = Debug|Any CPU
		{3AD788A7-F4C2-4CDE-9954-D0B12ED1E094}.Release|Any CPU.ActiveCfg = Release|Any CPU
		{3AD788A7-F4C2-4CDE-9954-D0B12ED1E094}.Release|Any CPU.Build.0 = Release|Any CPU
	EndGlobalSection
	GlobalSection(SolutionProperties) = preSolution
		HideSolutionNode = FALSE
	EndGlobalSection
	GlobalSection(ExtensibilityGlobals) = postSolution
		SolutionGuid = {BD2CBE9D-5B39-4268-B809-C9561CEF5209}
	EndGlobalSection
EndGlobal
